
Microsoft Visual Studio Solution File, Format Version 12.00
# Visual Studio Version 16
VisualStudioVersion = 16.0.30907.101
MinimumVisualStudioVersion = 10.0.40219.1
Project("{9A19103F-16F7-4668-BE54-9A1E7A4F7556}") = "ScaffoldingSQLProject", "ScaffoldingSQLProject.csproj", "{2398F10E-2B68-41EF-9751-A32C3342C8A1}"
EndProject
Project("{9A19103F-16F7-4668-BE54-9A1E7A4F7556}") = "UnitTests", "..\FileControllerUnitTest\UnitTests.csproj", "{BFB34551-E8E7-4942-B98F-6A5C0364AF43}"
EndProject
Global
	GlobalSection(SolutionConfigurationPlatforms) = preSolution
		Admin|Any CPU = Admin|Any CPU
		Debug|Any CPU = Debug|Any CPU
		Release|Any CPU = Release|Any CPU
		UserNoHeader|Any CPU = UserNoHeader|Any CPU
	EndGlobalSection
	GlobalSection(ProjectConfigurationPlatforms) = postSolution
		{2398F10E-2B68-41EF-9751-A32C3342C8A1}.Admin|Any CPU.ActiveCfg = Admin|Any CPU
		{2398F10E-2B68-41EF-9751-A32C3342C8A1}.Admin|Any CPU.Build.0 = Admin|Any CPU
		{2398F10E-2B68-41EF-9751-A32C3342C8A1}.Debug|Any CPU.ActiveCfg = Debug|Any CPU
		{2398F10E-2B68-41EF-9751-A32C3342C8A1}.Debug|Any CPU.Build.0 = Debug|Any CPU
		{2398F10E-2B68-41EF-9751-A32C3342C8A1}.Release|Any CPU.ActiveCfg = Release|Any CPU
		{2398F10E-2B68-41EF-9751-A32C3342C8A1}.Release|Any CPU.Build.0 = Release|Any CPU
		{2398F10E-2B68-41EF-9751-A32C3342C8A1}.UserNoHeader|Any CPU.ActiveCfg = UserNoHeader|Any CPU
		{2398F10E-2B68-41EF-9751-A32C3342C8A1}.UserNoHeader|Any CPU.Build.0 = UserNoHeader|Any CPU
		{BFB34551-E8E7-4942-B98F-6A5C0364AF43}.Admin|Any CPU.ActiveCfg = Debug|Any CPU
		{BFB34551-E8E7-4942-B98F-6A5C0364AF43}.Admin|Any CPU.Build.0 = Debug|Any CPU
		{BFB34551-E8E7-4942-B98F-6A5C0364AF43}.Debug|Any CPU.ActiveCfg = Debug|Any CPU
		{BFB34551-E8E7-4942-B98F-6A5C0364AF43}.Debug|Any CPU.Build.0 = Debug|Any CPU
		{BFB34551-E8E7-4942-B98F-6A5C0364AF43}.Release|Any CPU.ActiveCfg = Release|Any CPU
		{BFB34551-E8E7-4942-B98F-6A5C0364AF43}.Release|Any CPU.Build.0 = Release|Any CPU
		{BFB34551-E8E7-4942-B98F-6A5C0364AF43}.UserNoHeader|Any CPU.ActiveCfg = UserNoHeader|Any CPU
		{BFB34551-E8E7-4942-B98F-6A5C0364AF43}.UserNoHeader|Any CPU.Build.0 = UserNoHeader|Any CPU
	EndGlobalSection
	GlobalSection(SolutionProperties) = preSolution
		HideSolutionNode = FALSE
	EndGlobalSection
	GlobalSection(ExtensibilityGlobals) = postSolution
		SolutionGuid = {A0339BCE-BB08-4499-A214-3D311F36DA36}
	EndGlobalSection
EndGlobal
